// !$*UTF8*$!
{
	archiveVersion = 1;
	classes = {
	};
	objectVersion = 50;
	objects = {

/* Begin PBXBuildFile section */
		520A2DA2233833D30070CD57 /* JournalEntryViewModel.swift in Sources */ = {isa = PBXBuildFile; fileRef = 520A2DA1233833D30070CD57 /* JournalEntryViewModel.swift */; };
		520A2DA5233847330070CD57 /* JournalEntryViewModelTests.swift in Sources */ = {isa = PBXBuildFile; fileRef = 520A2DA4233847330070CD57 /* JournalEntryViewModelTests.swift */; };
		520A2DA7233986460070CD57 /* String+Extension.swift in Sources */ = {isa = PBXBuildFile; fileRef = 520A2DA6233986460070CD57 /* String+Extension.swift */; };
		520A2DA9233B0C820070CD57 /* PersistenceManager.swift in Sources */ = {isa = PBXBuildFile; fileRef = 520A2DA8233B0C820070CD57 /* PersistenceManager.swift */; };
		520A2DAB233C2E4C0070CD57 /* KeyPath.swift in Sources */ = {isa = PBXBuildFile; fileRef = 520A2DAA233C2E4C0070CD57 /* KeyPath.swift */; };
		5233800423C3CFAD001B587E /* WeatherViewModel.swift in Sources */ = {isa = PBXBuildFile; fileRef = 5233800323C3CFAD001B587E /* WeatherViewModel.swift */; };
		523FE4B0234FEF2C00E68295 /* Entry+Extension.swift in Sources */ = {isa = PBXBuildFile; fileRef = 523FE4AF234FEF2C00E68295 /* Entry+Extension.swift */; };
		523FE4B2234FF9F800E68295 /* CoreDataProtocol.swift in Sources */ = {isa = PBXBuildFile; fileRef = 523FE4B1234FF9F800E68295 /* CoreDataProtocol.swift */; };
		524CFC8F233194CB001A07AA /* Date+Extension.swift in Sources */ = {isa = PBXBuildFile; fileRef = 524CFC8E233194CB001A07AA /* Date+Extension.swift */; };
		5263FECE23BEAE9300CC1CFB /* APIKeys.swift in Sources */ = {isa = PBXBuildFile; fileRef = 5263FECD23BEAE9300CC1CFB /* APIKeys.swift */; };
		5263FED023BEB4E400CC1CFB /* WeatherAPIManager.swift in Sources */ = {isa = PBXBuildFile; fileRef = 5263FECF23BEB4E400CC1CFB /* WeatherAPIManager.swift */; };
		5263FED223BFC5F800CC1CFB /* WeatherManagerTests.swift in Sources */ = {isa = PBXBuildFile; fileRef = 5263FED123BFC5F800CC1CFB /* WeatherManagerTests.swift */; };
		526BEA0223CFE13F002A6539 /* JournalPhotoScrollViewController.swift in Sources */ = {isa = PBXBuildFile; fileRef = 526BEA0123CFE13F002A6539 /* JournalPhotoScrollViewController.swift */; };
		527EBFDE22D7CCE900051BA0 /* JournalListTableViewCell.swift in Sources */ = {isa = PBXBuildFile; fileRef = 527EBFDD22D7CCE900051BA0 /* JournalListTableViewCell.swift */; };
		527EC23F23F5005500E1A449 /* JournalPhotoScrollViewCell.swift in Sources */ = {isa = PBXBuildFile; fileRef = 527EC23E23F5005500E1A449 /* JournalPhotoScrollViewCell.swift */; };
		5281CB342343C5A80002BF35 /* LocationViewModel.swift in Sources */ = {isa = PBXBuildFile; fileRef = 5281CB332343C5A80002BF35 /* LocationViewModel.swift */; };
		52A5D36F23FB17DC004C88E0 /* JournalPhotoGridViewController.swift in Sources */ = {isa = PBXBuildFile; fileRef = 52A5D36E23FB17DC004C88E0 /* JournalPhotoGridViewController.swift */; };
		52A5D37123FB3CA1004C88E0 /* JournalPhotoGridViewCell.swift in Sources */ = {isa = PBXBuildFile; fileRef = 52A5D37023FB3CA1004C88E0 /* JournalPhotoGridViewCell.swift */; };
		52A5D3732400AFF4004C88E0 /* PhotoScrollProtocol.swift in Sources */ = {isa = PBXBuildFile; fileRef = 52A5D3722400AFF4004C88E0 /* PhotoScrollProtocol.swift */; };
		52B2B20622BBF03D0022C15C /* AppDelegate.swift in Sources */ = {isa = PBXBuildFile; fileRef = 52B2B20522BBF03D0022C15C /* AppDelegate.swift */; };
		52B2B20822BBF03D0022C15C /* JournalListViewController.swift in Sources */ = {isa = PBXBuildFile; fileRef = 52B2B20722BBF03D0022C15C /* JournalListViewController.swift */; };
		52B2B20B22BBF03D0022C15C /* Main.storyboard in Resources */ = {isa = PBXBuildFile; fileRef = 52B2B20922BBF03D0022C15C /* Main.storyboard */; };
		52B2B20E22BBF03D0022C15C /* FishingDaze.xcdatamodeld in Sources */ = {isa = PBXBuildFile; fileRef = 52B2B20C22BBF03D0022C15C /* FishingDaze.xcdatamodeld */; };
		52B2B21022BBF03E0022C15C /* Assets.xcassets in Resources */ = {isa = PBXBuildFile; fileRef = 52B2B20F22BBF03E0022C15C /* Assets.xcassets */; };
		52B2B21322BBF03E0022C15C /* LaunchScreen.storyboard in Resources */ = {isa = PBXBuildFile; fileRef = 52B2B21122BBF03E0022C15C /* LaunchScreen.storyboard */; };
		52B2B21E22BBF03E0022C15C /* FishingDazeTests.swift in Sources */ = {isa = PBXBuildFile; fileRef = 52B2B21D22BBF03E0022C15C /* FishingDazeTests.swift */; };
		52B8A42A24145BB4001F16C8 /* NotesViewModel.swift in Sources */ = {isa = PBXBuildFile; fileRef = 52B8A42924145BB4001F16C8 /* NotesViewModel.swift */; };
		52D45D1B24044CE8009F3BF1 /* PhotoViewModel.swift in Sources */ = {isa = PBXBuildFile; fileRef = 52D45D1A24044CE8009F3BF1 /* PhotoViewModel.swift */; };
		52D59D7122C578EF003CCB69 /* JournalEntryViewController.swift in Sources */ = {isa = PBXBuildFile; fileRef = 52D59D7022C578EF003CCB69 /* JournalEntryViewController.swift */; };
		52D59D7322C584BC003CCB69 /* JournalEditorViewController.swift in Sources */ = {isa = PBXBuildFile; fileRef = 52D59D7222C584BC003CCB69 /* JournalEditorViewController.swift */; };
/* End PBXBuildFile section */

/* Begin PBXContainerItemProxy section */
		52B2B21A22BBF03E0022C15C /* PBXContainerItemProxy */ = {
			isa = PBXContainerItemProxy;
			containerPortal = 52B2B1FA22BBF03D0022C15C /* Project object */;
			proxyType = 1;
			remoteGlobalIDString = 52B2B20122BBF03D0022C15C;
			remoteInfo = FishingDaze;
		};
/* End PBXContainerItemProxy section */

/* Begin PBXFileReference section */
		520A2DA1233833D30070CD57 /* JournalEntryViewModel.swift */ = {isa = PBXFileReference; lastKnownFileType = sourcecode.swift; path = JournalEntryViewModel.swift; sourceTree = "<group>"; };
		520A2DA4233847330070CD57 /* JournalEntryViewModelTests.swift */ = {isa = PBXFileReference; lastKnownFileType = sourcecode.swift; path = JournalEntryViewModelTests.swift; sourceTree = "<group>"; };
		520A2DA6233986460070CD57 /* String+Extension.swift */ = {isa = PBXFileReference; lastKnownFileType = sourcecode.swift; path = "String+Extension.swift"; sourceTree = "<group>"; };
		520A2DA8233B0C820070CD57 /* PersistenceManager.swift */ = {isa = PBXFileReference; lastKnownFileType = sourcecode.swift; path = PersistenceManager.swift; sourceTree = "<group>"; };
		520A2DAA233C2E4C0070CD57 /* KeyPath.swift */ = {isa = PBXFileReference; lastKnownFileType = sourcecode.swift; path = KeyPath.swift; sourceTree = "<group>"; };
		5233800323C3CFAD001B587E /* WeatherViewModel.swift */ = {isa = PBXFileReference; lastKnownFileType = sourcecode.swift; path = WeatherViewModel.swift; sourceTree = "<group>"; };
		523FE4AF234FEF2C00E68295 /* Entry+Extension.swift */ = {isa = PBXFileReference; lastKnownFileType = sourcecode.swift; path = "Entry+Extension.swift"; sourceTree = "<group>"; };
		523FE4B1234FF9F800E68295 /* CoreDataProtocol.swift */ = {isa = PBXFileReference; lastKnownFileType = sourcecode.swift; path = CoreDataProtocol.swift; sourceTree = "<group>"; };
		524CFC8E233194CB001A07AA /* Date+Extension.swift */ = {isa = PBXFileReference; lastKnownFileType = sourcecode.swift; path = "Date+Extension.swift"; sourceTree = "<group>"; };
		5263FECD23BEAE9300CC1CFB /* APIKeys.swift */ = {isa = PBXFileReference; lastKnownFileType = sourcecode.swift; path = APIKeys.swift; sourceTree = "<group>"; };
		5263FECF23BEB4E400CC1CFB /* WeatherAPIManager.swift */ = {isa = PBXFileReference; lastKnownFileType = sourcecode.swift; path = WeatherAPIManager.swift; sourceTree = "<group>"; };
		5263FED123BFC5F800CC1CFB /* WeatherManagerTests.swift */ = {isa = PBXFileReference; lastKnownFileType = sourcecode.swift; path = WeatherManagerTests.swift; sourceTree = "<group>"; };
		526BEA0123CFE13F002A6539 /* JournalPhotoScrollViewController.swift */ = {isa = PBXFileReference; lastKnownFileType = sourcecode.swift; path = JournalPhotoScrollViewController.swift; sourceTree = "<group>"; };
		527EBFDD22D7CCE900051BA0 /* JournalListTableViewCell.swift */ = {isa = PBXFileReference; lastKnownFileType = sourcecode.swift; path = JournalListTableViewCell.swift; sourceTree = "<group>"; };
		527EC23E23F5005500E1A449 /* JournalPhotoScrollViewCell.swift */ = {isa = PBXFileReference; lastKnownFileType = sourcecode.swift; path = JournalPhotoScrollViewCell.swift; sourceTree = "<group>"; };
		5281CB332343C5A80002BF35 /* LocationViewModel.swift */ = {isa = PBXFileReference; lastKnownFileType = sourcecode.swift; path = LocationViewModel.swift; sourceTree = "<group>"; };
		52A5D36E23FB17DC004C88E0 /* JournalPhotoGridViewController.swift */ = {isa = PBXFileReference; lastKnownFileType = sourcecode.swift; path = JournalPhotoGridViewController.swift; sourceTree = "<group>"; };
		52A5D37023FB3CA1004C88E0 /* JournalPhotoGridViewCell.swift */ = {isa = PBXFileReference; lastKnownFileType = sourcecode.swift; path = JournalPhotoGridViewCell.swift; sourceTree = "<group>"; };
		52A5D3722400AFF4004C88E0 /* PhotoScrollProtocol.swift */ = {isa = PBXFileReference; lastKnownFileType = sourcecode.swift; path = PhotoScrollProtocol.swift; sourceTree = "<group>"; };
		52B2B20222BBF03D0022C15C /* FishingDaze.app */ = {isa = PBXFileReference; explicitFileType = wrapper.application; includeInIndex = 0; path = FishingDaze.app; sourceTree = BUILT_PRODUCTS_DIR; };
		52B2B20522BBF03D0022C15C /* AppDelegate.swift */ = {isa = PBXFileReference; lastKnownFileType = sourcecode.swift; path = AppDelegate.swift; sourceTree = "<group>"; };
		52B2B20722BBF03D0022C15C /* JournalListViewController.swift */ = {isa = PBXFileReference; lastKnownFileType = sourcecode.swift; path = JournalListViewController.swift; sourceTree = "<group>"; };
		52B2B20A22BBF03D0022C15C /* Base */ = {isa = PBXFileReference; lastKnownFileType = file.storyboard; name = Base; path = Base.lproj/Main.storyboard; sourceTree = "<group>"; };
		52B2B20D22BBF03D0022C15C /* FishingDaze.xcdatamodel */ = {isa = PBXFileReference; lastKnownFileType = wrapper.xcdatamodel; path = FishingDaze.xcdatamodel; sourceTree = "<group>"; };
		52B2B20F22BBF03E0022C15C /* Assets.xcassets */ = {isa = PBXFileReference; lastKnownFileType = folder.assetcatalog; path = Assets.xcassets; sourceTree = "<group>"; };
		52B2B21222BBF03E0022C15C /* Base */ = {isa = PBXFileReference; lastKnownFileType = file.storyboard; name = Base; path = Base.lproj/LaunchScreen.storyboard; sourceTree = "<group>"; };
		52B2B21422BBF03E0022C15C /* Info.plist */ = {isa = PBXFileReference; lastKnownFileType = text.plist.xml; path = Info.plist; sourceTree = "<group>"; };
		52B2B21922BBF03E0022C15C /* FishingDazeTests.xctest */ = {isa = PBXFileReference; explicitFileType = wrapper.cfbundle; includeInIndex = 0; path = FishingDazeTests.xctest; sourceTree = BUILT_PRODUCTS_DIR; };
		52B2B21D22BBF03E0022C15C /* FishingDazeTests.swift */ = {isa = PBXFileReference; lastKnownFileType = sourcecode.swift; path = FishingDazeTests.swift; sourceTree = "<group>"; };
		52B2B21F22BBF03E0022C15C /* Info.plist */ = {isa = PBXFileReference; lastKnownFileType = text.plist.xml; path = Info.plist; sourceTree = "<group>"; };
		52B8A42924145BB4001F16C8 /* NotesViewModel.swift */ = {isa = PBXFileReference; lastKnownFileType = sourcecode.swift; path = NotesViewModel.swift; sourceTree = "<group>"; };
		52D45D1A24044CE8009F3BF1 /* PhotoViewModel.swift */ = {isa = PBXFileReference; lastKnownFileType = sourcecode.swift; path = PhotoViewModel.swift; sourceTree = "<group>"; };
		52D59D7022C578EF003CCB69 /* JournalEntryViewController.swift */ = {isa = PBXFileReference; lastKnownFileType = sourcecode.swift; path = JournalEntryViewController.swift; sourceTree = "<group>"; };
		52D59D7222C584BC003CCB69 /* JournalEditorViewController.swift */ = {isa = PBXFileReference; lastKnownFileType = sourcecode.swift; path = JournalEditorViewController.swift; sourceTree = "<group>"; };
/* End PBXFileReference section */

/* Begin PBXFrameworksBuildPhase section */
		52B2B1FF22BBF03D0022C15C /* Frameworks */ = {
			isa = PBXFrameworksBuildPhase;
			buildActionMask = 2147483647;
			files = (
			);
			runOnlyForDeploymentPostprocessing = 0;
		};
		52B2B21622BBF03E0022C15C /* Frameworks */ = {
			isa = PBXFrameworksBuildPhase;
			buildActionMask = 2147483647;
			files = (
			);
			runOnlyForDeploymentPostprocessing = 0;
		};
/* End PBXFrameworksBuildPhase section */

/* Begin PBXGroup section */
		520A2DA3233835660070CD57 /* ViewModel */ = {
			isa = PBXGroup;
			children = (
				520A2DA1233833D30070CD57 /* JournalEntryViewModel.swift */,
				5281CB332343C5A80002BF35 /* LocationViewModel.swift */,
				5233800323C3CFAD001B587E /* WeatherViewModel.swift */,
				52D45D1A24044CE8009F3BF1 /* PhotoViewModel.swift */,
				52B8A42924145BB4001F16C8 /* NotesViewModel.swift */,
			);
			path = ViewModel;
			sourceTree = "<group>";
		};
		5233800223C3CF0F001B587E /* Manager */ = {
			isa = PBXGroup;
			children = (
				520A2DA8233B0C820070CD57 /* PersistenceManager.swift */,
				5263FECF23BEB4E400CC1CFB /* WeatherAPIManager.swift */,
			);
			path = Manager;
			sourceTree = "<group>";
		};
		524CFC8D23319406001A07AA /* Extensions */ = {
			isa = PBXGroup;
			children = (
				524CFC8E233194CB001A07AA /* Date+Extension.swift */,
				520A2DA6233986460070CD57 /* String+Extension.swift */,
			);
			path = Extensions;
			sourceTree = "<group>";
		};
		5281CB352343EA0A0002BF35 /* Managed Object Extensions */ = {
			isa = PBXGroup;
			children = (
				523FE4AF234FEF2C00E68295 /* Entry+Extension.swift */,
			);
			path = "Managed Object Extensions";
			sourceTree = "<group>";
		};
		52A382F322CD6166008E7025 /* Model */ = {
			isa = PBXGroup;
			children = (
				5281CB352343EA0A0002BF35 /* Managed Object Extensions */,
				52A382F422CD617A008E7025 /* Data */,
				5233800223C3CF0F001B587E /* Manager */,
				520A2DAA233C2E4C0070CD57 /* KeyPath.swift */,
				523FE4B1234FF9F800E68295 /* CoreDataProtocol.swift */,
				52A5D3722400AFF4004C88E0 /* PhotoScrollProtocol.swift */,
				5263FECD23BEAE9300CC1CFB /* APIKeys.swift */,
			);
			path = Model;
			sourceTree = "<group>";
		};
		52A382F422CD617A008E7025 /* Data */ = {
			isa = PBXGroup;
			children = (
				52B2B20C22BBF03D0022C15C /* FishingDaze.xcdatamodeld */,
			);
			path = Data;
			sourceTree = "<group>";
		};
		52A382F522CD61A3008E7025 /* View */ = {
			isa = PBXGroup;
			children = (
				52B2B21122BBF03E0022C15C /* LaunchScreen.storyboard */,
				52B2B20922BBF03D0022C15C /* Main.storyboard */,
			);
			path = View;
			sourceTree = "<group>";
		};
		52B2B1F922BBF03D0022C15C = {
			isa = PBXGroup;
			children = (
				52B2B20422BBF03D0022C15C /* FishingDaze */,
				52B2B21C22BBF03E0022C15C /* FishingDazeTests */,
				52B2B20322BBF03D0022C15C /* Products */,
			);
			sourceTree = "<group>";
		};
		52B2B20322BBF03D0022C15C /* Products */ = {
			isa = PBXGroup;
			children = (
				52B2B20222BBF03D0022C15C /* FishingDaze.app */,
				52B2B21922BBF03E0022C15C /* FishingDazeTests.xctest */,
			);
			name = Products;
			sourceTree = "<group>";
		};
		52B2B20422BBF03D0022C15C /* FishingDaze */ = {
			isa = PBXGroup;
			children = (
				524CFC8D23319406001A07AA /* Extensions */,
				52A382F322CD6166008E7025 /* Model */,
				520A2DA3233835660070CD57 /* ViewModel */,
				52A382F522CD61A3008E7025 /* View */,
				52D59D6F22C57463003CCB69 /* Controller */,
				52B2B20522BBF03D0022C15C /* AppDelegate.swift */,
				52B2B20F22BBF03E0022C15C /* Assets.xcassets */,
				52B2B21422BBF03E0022C15C /* Info.plist */,
			);
			path = FishingDaze;
			sourceTree = "<group>";
		};
		52B2B21C22BBF03E0022C15C /* FishingDazeTests */ = {
			isa = PBXGroup;
			children = (
				52B2B21D22BBF03E0022C15C /* FishingDazeTests.swift */,
				52B2B21F22BBF03E0022C15C /* Info.plist */,
				520A2DA4233847330070CD57 /* JournalEntryViewModelTests.swift */,
				5263FED123BFC5F800CC1CFB /* WeatherManagerTests.swift */,
			);
			path = FishingDazeTests;
			sourceTree = "<group>";
		};
		52D59D6F22C57463003CCB69 /* Controller */ = {
			isa = PBXGroup;
			children = (
				52B2B20722BBF03D0022C15C /* JournalListViewController.swift */,
				527EBFDD22D7CCE900051BA0 /* JournalListTableViewCell.swift */,
				52D59D7022C578EF003CCB69 /* JournalEntryViewController.swift */,
				52D59D7222C584BC003CCB69 /* JournalEditorViewController.swift */,
				526BEA0123CFE13F002A6539 /* JournalPhotoScrollViewController.swift */,
				527EC23E23F5005500E1A449 /* JournalPhotoScrollViewCell.swift */,
				52A5D36E23FB17DC004C88E0 /* JournalPhotoGridViewController.swift */,
				52A5D37023FB3CA1004C88E0 /* JournalPhotoGridViewCell.swift */,
			);
			path = Controller;
			sourceTree = "<group>";
		};
/* End PBXGroup section */

/* Begin PBXNativeTarget section */
		52B2B20122BBF03D0022C15C /* FishingDaze */ = {
			isa = PBXNativeTarget;
			buildConfigurationList = 52B2B22222BBF03E0022C15C /* Build configuration list for PBXNativeTarget "FishingDaze" */;
			buildPhases = (
				52B2B1FE22BBF03D0022C15C /* Sources */,
				52B2B1FF22BBF03D0022C15C /* Frameworks */,
				52B2B20022BBF03D0022C15C /* Resources */,
			);
			buildRules = (
			);
			dependencies = (
			);
			name = FishingDaze;
			productName = FishingDaze;
			productReference = 52B2B20222BBF03D0022C15C /* FishingDaze.app */;
			productType = "com.apple.product-type.application";
		};
		52B2B21822BBF03E0022C15C /* FishingDazeTests */ = {
			isa = PBXNativeTarget;
			buildConfigurationList = 52B2B22522BBF03E0022C15C /* Build configuration list for PBXNativeTarget "FishingDazeTests" */;
			buildPhases = (
				52B2B21522BBF03E0022C15C /* Sources */,
				52B2B21622BBF03E0022C15C /* Frameworks */,
				52B2B21722BBF03E0022C15C /* Resources */,
			);
			buildRules = (
			);
			dependencies = (
				52B2B21B22BBF03E0022C15C /* PBXTargetDependency */,
			);
			name = FishingDazeTests;
			productName = FishingDazeTests;
			productReference = 52B2B21922BBF03E0022C15C /* FishingDazeTests.xctest */;
			productType = "com.apple.product-type.bundle.unit-test";
		};
/* End PBXNativeTarget section */

/* Begin PBXProject section */
		52B2B1FA22BBF03D0022C15C /* Project object */ = {
			isa = PBXProject;
			attributes = {
				LastSwiftUpdateCheck = 1020;
				LastUpgradeCheck = 1020;
				ORGANIZATIONNAME = SunfishEmpire;
				TargetAttributes = {
					52B2B20122BBF03D0022C15C = {
						CreatedOnToolsVersion = 10.2.1;
					};
					52B2B21822BBF03E0022C15C = {
						CreatedOnToolsVersion = 10.2.1;
						TestTargetID = 52B2B20122BBF03D0022C15C;
					};
				};
			};
			buildConfigurationList = 52B2B1FD22BBF03D0022C15C /* Build configuration list for PBXProject "FishingDaze" */;
			compatibilityVersion = "Xcode 9.3";
			developmentRegion = en;
			hasScannedForEncodings = 0;
			knownRegions = (
				en,
				Base,
			);
			mainGroup = 52B2B1F922BBF03D0022C15C;
			productRefGroup = 52B2B20322BBF03D0022C15C /* Products */;
			projectDirPath = "";
			projectRoot = "";
			targets = (
				52B2B20122BBF03D0022C15C /* FishingDaze */,
				52B2B21822BBF03E0022C15C /* FishingDazeTests */,
			);
		};
/* End PBXProject section */

/* Begin PBXResourcesBuildPhase section */
		52B2B20022BBF03D0022C15C /* Resources */ = {
			isa = PBXResourcesBuildPhase;
			buildActionMask = 2147483647;
			files = (
				52B2B21322BBF03E0022C15C /* LaunchScreen.storyboard in Resources */,
				52B2B21022BBF03E0022C15C /* Assets.xcassets in Resources */,
				52B2B20B22BBF03D0022C15C /* Main.storyboard in Resources */,
			);
			runOnlyForDeploymentPostprocessing = 0;
		};
		52B2B21722BBF03E0022C15C /* Resources */ = {
			isa = PBXResourcesBuildPhase;
			buildActionMask = 2147483647;
			files = (
			);
			runOnlyForDeploymentPostprocessing = 0;
		};
/* End PBXResourcesBuildPhase section */

/* Begin PBXSourcesBuildPhase section */
		52B2B1FE22BBF03D0022C15C /* Sources */ = {
			isa = PBXSourcesBuildPhase;
			buildActionMask = 2147483647;
			files = (
				523FE4B2234FF9F800E68295 /* CoreDataProtocol.swift in Sources */,
				52B2B20E22BBF03D0022C15C /* FishingDaze.xcdatamodeld in Sources */,
				527EC23F23F5005500E1A449 /* JournalPhotoScrollViewCell.swift in Sources */,
				523FE4B0234FEF2C00E68295 /* Entry+Extension.swift in Sources */,
				52B2B20822BBF03D0022C15C /* JournalListViewController.swift in Sources */,
				52D45D1B24044CE8009F3BF1 /* PhotoViewModel.swift in Sources */,
				52D59D7322C584BC003CCB69 /* JournalEditorViewController.swift in Sources */,
				52D59D7122C578EF003CCB69 /* JournalEntryViewController.swift in Sources */,
				5263FECE23BEAE9300CC1CFB /* APIKeys.swift in Sources */,
				5263FED023BEB4E400CC1CFB /* WeatherAPIManager.swift in Sources */,
				520A2DAB233C2E4C0070CD57 /* KeyPath.swift in Sources */,
				520A2DA2233833D30070CD57 /* JournalEntryViewModel.swift in Sources */,
				52A5D3732400AFF4004C88E0 /* PhotoScrollProtocol.swift in Sources */,
				52A5D37123FB3CA1004C88E0 /* JournalPhotoGridViewCell.swift in Sources */,
				524CFC8F233194CB001A07AA /* Date+Extension.swift in Sources */,
				5233800423C3CFAD001B587E /* WeatherViewModel.swift in Sources */,
				52A5D36F23FB17DC004C88E0 /* JournalPhotoGridViewController.swift in Sources */,
				527EBFDE22D7CCE900051BA0 /* JournalListTableViewCell.swift in Sources */,
				520A2DA7233986460070CD57 /* String+Extension.swift in Sources */,
				520A2DA9233B0C820070CD57 /* PersistenceManager.swift in Sources */,
				52B8A42A24145BB4001F16C8 /* NotesViewModel.swift in Sources */,
				5281CB342343C5A80002BF35 /* LocationViewModel.swift in Sources */,
				526BEA0223CFE13F002A6539 /* JournalPhotoScrollViewController.swift in Sources */,
				52B2B20622BBF03D0022C15C /* AppDelegate.swift in Sources */,
			);
			runOnlyForDeploymentPostprocessing = 0;
		};
		52B2B21522BBF03E0022C15C /* Sources */ = {
			isa = PBXSourcesBuildPhase;
			buildActionMask = 2147483647;
			files = (
				520A2DA5233847330070CD57 /* JournalEntryViewModelTests.swift in Sources */,
				52B2B21E22BBF03E0022C15C /* FishingDazeTests.swift in Sources */,
				5263FED223BFC5F800CC1CFB /* WeatherManagerTests.swift in Sources */,
			);
			runOnlyForDeploymentPostprocessing = 0;
		};
/* End PBXSourcesBuildPhase section */

/* Begin PBXTargetDependency section */
		52B2B21B22BBF03E0022C15C /* PBXTargetDependency */ = {
			isa = PBXTargetDependency;
			target = 52B2B20122BBF03D0022C15C /* FishingDaze */;
			targetProxy = 52B2B21A22BBF03E0022C15C /* PBXContainerItemProxy */;
		};
/* End PBXTargetDependency section */

/* Begin PBXVariantGroup section */
		52B2B20922BBF03D0022C15C /* Main.storyboard */ = {
			isa = PBXVariantGroup;
			children = (
				52B2B20A22BBF03D0022C15C /* Base */,
			);
			name = Main.storyboard;
			sourceTree = "<group>";
		};
		52B2B21122BBF03E0022C15C /* LaunchScreen.storyboard */ = {
			isa = PBXVariantGroup;
			children = (
				52B2B21222BBF03E0022C15C /* Base */,
			);
			name = LaunchScreen.storyboard;
			sourceTree = "<group>";
		};
/* End PBXVariantGroup section */

/* Begin XCBuildConfiguration section */
		52B2B22022BBF03E0022C15C /* Debug */ = {
			isa = XCBuildConfiguration;
			buildSettings = {
				ALWAYS_SEARCH_USER_PATHS = NO;
				CLANG_ANALYZER_NONNULL = YES;
				CLANG_ANALYZER_NUMBER_OBJECT_CONVERSION = YES_AGGRESSIVE;
				CLANG_CXX_LANGUAGE_STANDARD = "gnu++14";
				CLANG_CXX_LIBRARY = "libc++";
				CLANG_ENABLE_MODULES = YES;
				CLANG_ENABLE_OBJC_ARC = YES;
				CLANG_ENABLE_OBJC_WEAK = YES;
				CLANG_WARN_BLOCK_CAPTURE_AUTORELEASING = YES;
				CLANG_WARN_BOOL_CONVERSION = YES;
				CLANG_WARN_COMMA = YES;
				CLANG_WARN_CONSTANT_CONVERSION = YES;
				CLANG_WARN_DEPRECATED_OBJC_IMPLEMENTATIONS = YES;
				CLANG_WARN_DIRECT_OBJC_ISA_USAGE = YES_ERROR;
				CLANG_WARN_DOCUMENTATION_COMMENTS = YES;
				CLANG_WARN_EMPTY_BODY = YES;
				CLANG_WARN_ENUM_CONVERSION = YES;
				CLANG_WARN_INFINITE_RECURSION = YES;
				CLANG_WARN_INT_CONVERSION = YES;
				CLANG_WARN_NON_LITERAL_NULL_CONVERSION = YES;
				CLANG_WARN_OBJC_IMPLICIT_RETAIN_SELF = YES;
				CLANG_WARN_OBJC_LITERAL_CONVERSION = YES;
				CLANG_WARN_OBJC_ROOT_CLASS = YES_ERROR;
				CLANG_WARN_RANGE_LOOP_ANALYSIS = YES;
				CLANG_WARN_STRICT_PROTOTYPES = YES;
				CLANG_WARN_SUSPICIOUS_MOVE = YES;
				CLANG_WARN_UNGUARDED_AVAILABILITY = YES_AGGRESSIVE;
				CLANG_WARN_UNREACHABLE_CODE = YES;
				CLANG_WARN__DUPLICATE_METHOD_MATCH = YES;
				CODE_SIGN_IDENTITY = "iPhone Developer";
				COPY_PHASE_STRIP = NO;
				DEBUG_INFORMATION_FORMAT = dwarf;
				ENABLE_STRICT_OBJC_MSGSEND = YES;
				ENABLE_TESTABILITY = YES;
				GCC_C_LANGUAGE_STANDARD = gnu11;
				GCC_DYNAMIC_NO_PIC = NO;
				GCC_NO_COMMON_BLOCKS = YES;
				GCC_OPTIMIZATION_LEVEL = 0;
				GCC_PREPROCESSOR_DEFINITIONS = (
					"DEBUG=1",
					"$(inherited)",
				);
				GCC_WARN_64_TO_32_BIT_CONVERSION = YES;
				GCC_WARN_ABOUT_RETURN_TYPE = YES_ERROR;
				GCC_WARN_UNDECLARED_SELECTOR = YES;
				GCC_WARN_UNINITIALIZED_AUTOS = YES_AGGRESSIVE;
				GCC_WARN_UNUSED_FUNCTION = YES;
				GCC_WARN_UNUSED_VARIABLE = YES;
				IPHONEOS_DEPLOYMENT_TARGET = 12.2;
				MTL_ENABLE_DEBUG_INFO = INCLUDE_SOURCE;
				MTL_FAST_MATH = YES;
				ONLY_ACTIVE_ARCH = YES;
				SDKROOT = iphoneos;
				SWIFT_ACTIVE_COMPILATION_CONDITIONS = DEBUG;
				SWIFT_OPTIMIZATION_LEVEL = "-Onone";
			};
			name = Debug;
		};
		52B2B22122BBF03E0022C15C /* Release */ = {
			isa = XCBuildConfiguration;
			buildSettings = {
				ALWAYS_SEARCH_USER_PATHS = NO;
				CLANG_ANALYZER_NONNULL = YES;
				CLANG_ANALYZER_NUMBER_OBJECT_CONVERSION = YES_AGGRESSIVE;
				CLANG_CXX_LANGUAGE_STANDARD = "gnu++14";
				CLANG_CXX_LIBRARY = "libc++";
				CLANG_ENABLE_MODULES = YES;
				CLANG_ENABLE_OBJC_ARC = YES;
				CLANG_ENABLE_OBJC_WEAK = YES;
				CLANG_WARN_BLOCK_CAPTURE_AUTORELEASING = YES;
				CLANG_WARN_BOOL_CONVERSION = YES;
				CLANG_WARN_COMMA = YES;
				CLANG_WARN_CONSTANT_CONVERSION = YES;
				CLANG_WARN_DEPRECATED_OBJC_IMPLEMENTATIONS = YES;
				CLANG_WARN_DIRECT_OBJC_ISA_USAGE = YES_ERROR;
				CLANG_WARN_DOCUMENTATION_COMMENTS = YES;
				CLANG_WARN_EMPTY_BODY = YES;
				CLANG_WARN_ENUM_CONVERSION = YES;
				CLANG_WARN_INFINITE_RECURSION = YES;
				CLANG_WARN_INT_CONVERSION = YES;
				CLANG_WARN_NON_LITERAL_NULL_CONVERSION = YES;
				CLANG_WARN_OBJC_IMPLICIT_RETAIN_SELF = YES;
				CLANG_WARN_OBJC_LITERAL_CONVERSION = YES;
				CLANG_WARN_OBJC_ROOT_CLASS = YES_ERROR;
				CLANG_WARN_RANGE_LOOP_ANALYSIS = YES;
				CLANG_WARN_STRICT_PROTOTYPES = YES;
				CLANG_WARN_SUSPICIOUS_MOVE = YES;
				CLANG_WARN_UNGUARDED_AVAILABILITY = YES_AGGRESSIVE;
				CLANG_WARN_UNREACHABLE_CODE = YES;
				CLANG_WARN__DUPLICATE_METHOD_MATCH = YES;
				CODE_SIGN_IDENTITY = "iPhone Developer";
				COPY_PHASE_STRIP = NO;
				DEBUG_INFORMATION_FORMAT = "dwarf-with-dsym";
				ENABLE_NS_ASSERTIONS = NO;
				ENABLE_STRICT_OBJC_MSGSEND = YES;
				GCC_C_LANGUAGE_STANDARD = gnu11;
				GCC_NO_COMMON_BLOCKS = YES;
				GCC_WARN_64_TO_32_BIT_CONVERSION = YES;
				GCC_WARN_ABOUT_RETURN_TYPE = YES_ERROR;
				GCC_WARN_UNDECLARED_SELECTOR = YES;
				GCC_WARN_UNINITIALIZED_AUTOS = YES_AGGRESSIVE;
				GCC_WARN_UNUSED_FUNCTION = YES;
				GCC_WARN_UNUSED_VARIABLE = YES;
				IPHONEOS_DEPLOYMENT_TARGET = 12.2;
				MTL_ENABLE_DEBUG_INFO = NO;
				MTL_FAST_MATH = YES;
				SDKROOT = iphoneos;
				SWIFT_COMPILATION_MODE = wholemodule;
				SWIFT_OPTIMIZATION_LEVEL = "-O";
				VALIDATE_PRODUCT = YES;
			};
			name = Release;
		};
		52B2B22322BBF03E0022C15C /* Debug */ = {
			isa = XCBuildConfiguration;
			buildSettings = {
				ASSETCATALOG_COMPILER_APPICON_NAME = AppIcon;
				CODE_SIGN_STYLE = Automatic;
				DEVELOPMENT_TEAM = K97KHP3ZWG;
				INFOPLIST_FILE = FishingDaze/Info.plist;
				LD_RUNPATH_SEARCH_PATHS = (
					"$(inherited)",
					"@executable_path/Frameworks",
				);
				PRODUCT_BUNDLE_IDENTIFIER = com.sunfishempire.FishingDaze;
				PRODUCT_NAME = "$(TARGET_NAME)";
				SWIFT_VERSION = 5.0;
				TARGETED_DEVICE_FAMILY = "1,2";
			};
			name = Debug;
		};
		52B2B22422BBF03E0022C15C /* Release */ = {
			isa = XCBuildConfiguration;
			buildSettings = {
				ASSETCATALOG_COMPILER_APPICON_NAME = AppIcon;
				CODE_SIGN_STYLE = Automatic;
				DEVELOPMENT_TEAM = K97KHP3ZWG;
				INFOPLIST_FILE = FishingDaze/Info.plist;
				LD_RUNPATH_SEARCH_PATHS = (
					"$(inherited)",
					"@executable_path/Frameworks",
				);
				PRODUCT_BUNDLE_IDENTIFIER = com.sunfishempire.FishingDaze;
				PRODUCT_NAME = "$(TARGET_NAME)";
				SWIFT_VERSION = 5.0;
				TARGETED_DEVICE_FAMILY = "1,2";
			};
			name = Release;
		};
		52B2B22622BBF03E0022C15C /* Debug */ = {
			isa = XCBuildConfiguration;
			buildSettings = {
				ALWAYS_EMBED_SWIFT_STANDARD_LIBRARIES = YES;
				BUNDLE_LOADER = "$(TEST_HOST)";
				CODE_SIGN_STYLE = Automatic;
				DEVELOPMENT_TEAM = K97KHP3ZWG;
				INFOPLIST_FILE = FishingDazeTests/Info.plist;
				LD_RUNPATH_SEARCH_PATHS = (
					"$(inherited)",
					"@executable_path/Frameworks",
					"@loader_path/Frameworks",
				);
				PRODUCT_BUNDLE_IDENTIFIER = com.sunfishempire.FishingDazeTests;
				PRODUCT_NAME = "$(TARGET_NAME)";
				SWIFT_VERSION = 5.0;
				TARGETED_DEVICE_FAMILY = "1,2";
				TEST_HOST = "$(BUILT_PRODUCTS_DIR)/FishingDaze.app/FishingDaze";
			};
			name = Debug;
		};
		52B2B22722BBF03E0022C15C /* Release */ = {
			isa = XCBuildConfiguration;
			buildSettings = {
				ALWAYS_EMBED_SWIFT_STANDARD_LIBRARIES = YES;
				BUNDLE_LOADER = "$(TEST_HOST)";
				CODE_SIGN_STYLE = Automatic;
				DEVELOPMENT_TEAM = K97KHP3ZWG;
				INFOPLIST_FILE = FishingDazeTests/Info.plist;
				LD_RUNPATH_SEARCH_PATHS = (
					"$(inherited)",
					"@executable_path/Frameworks",
					"@loader_path/Frameworks",
				);
				PRODUCT_BUNDLE_IDENTIFIER = com.sunfishempire.FishingDazeTests;
				PRODUCT_NAME = "$(TARGET_NAME)";
				SWIFT_VERSION = 5.0;
				TARGETED_DEVICE_FAMILY = "1,2";
				TEST_HOST = "$(BUILT_PRODUCTS_DIR)/FishingDaze.app/FishingDaze";
			};
			name = Release;
		};
/* End XCBuildConfiguration section */

/* Begin XCConfigurationList section */
		52B2B1FD22BBF03D0022C15C /* Build configuration list for PBXProject "FishingDaze" */ = {
			isa = XCConfigurationList;
			buildConfigurations = (
				52B2B22022BBF03E0022C15C /* Debug */,
				52B2B22122BBF03E0022C15C /* Release */,
			);
			defaultConfigurationIsVisible = 0;
			defaultConfigurationName = Release;
		};
		52B2B22222BBF03E0022C15C /* Build configuration list for PBXNativeTarget "FishingDaze" */ = {
			isa = XCConfigurationList;
			buildConfigurations = (
				52B2B22322BBF03E0022C15C /* Debug */,
				52B2B22422BBF03E0022C15C /* Release */,
			);
			defaultConfigurationIsVisible = 0;
			defaultConfigurationName = Release;
		};
		52B2B22522BBF03E0022C15C /* Build configuration list for PBXNativeTarget "FishingDazeTests" */ = {
			isa = XCConfigurationList;
			buildConfigurations = (
				52B2B22622BBF03E0022C15C /* Debug */,
				52B2B22722BBF03E0022C15C /* Release */,
			);
			defaultConfigurationIsVisible = 0;
			defaultConfigurationName = Release;
		};
/* End XCConfigurationList section */

/* Begin XCVersionGroup section */
		52B2B20C22BBF03D0022C15C /* FishingDaze.xcdatamodeld */ = {
			isa = XCVersionGroup;
			children = (
				52B2B20D22BBF03D0022C15C /* FishingDaze.xcdatamodel */,
			);
			currentVersion = 52B2B20D22BBF03D0022C15C /* FishingDaze.xcdatamodel */;
			path = FishingDaze.xcdatamodeld;
			sourceTree = "<group>";
			versionGroupType = wrapper.xcdatamodel;
		};
/* End XCVersionGroup section */
	};
	rootObject = 52B2B1FA22BBF03D0022C15C /* Project object */;
}
